
Microsoft Visual Studio Solution File, Format Version 12.00
# Visual Studio Version 16
VisualStudioVersion = 16.0.31613.86
MinimumVisualStudioVersion = 10.0.40219.1
Project("{FAE04EC0-301F-11D3-BF4B-00C04F79EFBC}") = "llanque_IIIU", "llanque_IIIU.csproj", "{2F08D983-09A3-4A4B-80F4-682EEB6FCBE7}"
EndProject
Global
	GlobalSection(SolutionConfigurationPlatforms) = preSolution
		Debug|Any CPU = Debug|Any CPU
		Release|Any CPU = Release|Any CPU
	EndGlobalSection
	GlobalSection(ProjectConfigurationPlatforms) = postSolution
		{2F08D983-09A3-4A4B-80F4-682EEB6FCBE7}.Debug|Any CPU.ActiveCfg = Debug|Any CPU
		{2F08D983-09A3-4A4B-80F4-682EEB6FCBE7}.Debug|Any CPU.Build.0 = Debug|Any CPU
		{2F08D983-09A3-4A4B-80F4-682EEB6FCBE7}.Release|Any CPU.ActiveCfg = Release|Any CPU
		{2F08D983-09A3-4A4B-80F4-682EEB6FCBE7}.Release|Any CPU.Build.0 = Release|Any CPU
	EndGlobalSection
	GlobalSection(SolutionProperties) = preSolution
		HideSolutionNode = FALSE
	EndGlobalSection
	GlobalSection(ExtensibilityGlobals) = postSolution
		SolutionGuid = {7443C925-2962-45EB-AD4E-ADF085A75A65}
	EndGlobalSection
EndGlobal
